// !$*UTF8*$!
{
	archiveVersion = 1;
	classes = {
	};
	objectVersion = 56;
	objects = {

/* Begin PBXBuildFile section */
		9A3D19012A449215007B2D35 /* ReferenceUIsApp.swift in Sources */ = {isa = PBXBuildFile; fileRef = 9A3D19002A449215007B2D35 /* ReferenceUIsApp.swift */; };
		9A3D19032A449215007B2D35 /* ContentView.swift in Sources */ = {isa = PBXBuildFile; fileRef = 9A3D19022A449215007B2D35 /* ContentView.swift */; };
		9A3D19052A449217007B2D35 /* Assets.xcassets in Resources */ = {isa = PBXBuildFile; fileRef = 9A3D19042A449217007B2D35 /* Assets.xcassets */; };
		9A3D19082A449217007B2D35 /* Preview Assets.xcassets in Resources */ = {isa = PBXBuildFile; fileRef = 9A3D19072A449217007B2D35 /* Preview Assets.xcassets */; };
		9A3D19182A44EF9D007B2D35 /* FeedbackView.swift in Sources */ = {isa = PBXBuildFile; fileRef = 9A3D19172A44EF9D007B2D35 /* FeedbackView.swift */; };
		9A3D191A2A44F102007B2D35 /* Constants.swift in Sources */ = {isa = PBXBuildFile; fileRef = 9A3D19192A44F102007B2D35 /* Constants.swift */; };
		9A3D191C2A45AFC4007B2D35 /* RatingView.swift in Sources */ = {isa = PBXBuildFile; fileRef = 9A3D191B2A45AFC4007B2D35 /* RatingView.swift */; };
		9A3D191E2A45C081007B2D35 /* RecommendView.swift in Sources */ = {isa = PBXBuildFile; fileRef = 9A3D191D2A45C081007B2D35 /* RecommendView.swift */; };
		9A3D19222A46FC38007B2D35 /* FlexibleGridView.swift in Sources */ = {isa = PBXBuildFile; fileRef = 9A3D19212A46FC38007B2D35 /* FlexibleGridView.swift */; };
		9A3D19242A46FCC5007B2D35 /* SizeReader.swift in Sources */ = {isa = PBXBuildFile; fileRef = 9A3D19232A46FCC5007B2D35 /* SizeReader.swift */; };
/* End PBXBuildFile section */

/* Begin PBXFileReference section */
		9A3D18FD2A449215007B2D35 /* ReferenceUIs.app */ = {isa = PBXFileReference; explicitFileType = wrapper.application; includeInIndex = 0; path = ReferenceUIs.app; sourceTree = BUILT_PRODUCTS_DIR; };
		9A3D19002A449215007B2D35 /* ReferenceUIsApp.swift */ = {isa = PBXFileReference; lastKnownFileType = sourcecode.swift; path = ReferenceUIsApp.swift; sourceTree = "<group>"; };
		9A3D19022A449215007B2D35 /* ContentView.swift */ = {isa = PBXFileReference; lastKnownFileType = sourcecode.swift; path = ContentView.swift; sourceTree = "<group>"; };
		9A3D19042A449217007B2D35 /* Assets.xcassets */ = {isa = PBXFileReference; lastKnownFileType = folder.assetcatalog; path = Assets.xcassets; sourceTree = "<group>"; };
		9A3D19072A449217007B2D35 /* Preview Assets.xcassets */ = {isa = PBXFileReference; lastKnownFileType = folder.assetcatalog; path = "Preview Assets.xcassets"; sourceTree = "<group>"; };
		9A3D19172A44EF9D007B2D35 /* FeedbackView.swift */ = {isa = PBXFileReference; lastKnownFileType = sourcecode.swift; path = FeedbackView.swift; sourceTree = "<group>"; };
		9A3D19192A44F102007B2D35 /* Constants.swift */ = {isa = PBXFileReference; lastKnownFileType = sourcecode.swift; path = Constants.swift; sourceTree = "<group>"; };
		9A3D191B2A45AFC4007B2D35 /* RatingView.swift */ = {isa = PBXFileReference; lastKnownFileType = sourcecode.swift; path = RatingView.swift; sourceTree = "<group>"; };
		9A3D191D2A45C081007B2D35 /* RecommendView.swift */ = {isa = PBXFileReference; lastKnownFileType = sourcecode.swift; path = RecommendView.swift; sourceTree = "<group>"; };
		9A3D19212A46FC38007B2D35 /* FlexibleGridView.swift */ = {isa = PBXFileReference; lastKnownFileType = sourcecode.swift; path = FlexibleGridView.swift; sourceTree = "<group>"; };
		9A3D19232A46FCC5007B2D35 /* SizeReader.swift */ = {isa = PBXFileReference; lastKnownFileType = sourcecode.swift; path = SizeReader.swift; sourceTree = "<group>"; };
/* End PBXFileReference section */

/* Begin PBXFrameworksBuildPhase section */
		9A3D18FA2A449215007B2D35 /* Frameworks */ = {
			isa = PBXFrameworksBuildPhase;
			buildActionMask = 2147483647;
			files = (
			);
			runOnlyForDeploymentPostprocessing = 0;
		};
/* End PBXFrameworksBuildPhase section */

/* Begin PBXGroup section */
		9A3D18F42A449214007B2D35 = {
			isa = PBXGroup;
			children = (
				9A3D18FF2A449215007B2D35 /* ReferenceUIs */,
				9A3D18FE2A449215007B2D35 /* Products */,
			);
			sourceTree = "<group>";
		};
		9A3D18FE2A449215007B2D35 /* Products */ = {
			isa = PBXGroup;
			children = (
				9A3D18FD2A449215007B2D35 /* ReferenceUIs.app */,
			);
			name = Products;
			sourceTree = "<group>";
		};
		9A3D18FF2A449215007B2D35 /* ReferenceUIs */ = {
			isa = PBXGroup;
			children = (
				9A3D19112A44EF1E007B2D35 /* Common */,
				9A3D19102A44EEFE007B2D35 /* Module */,
				9A3D190F2A44923C007B2D35 /* App */,
				9A3D19042A449217007B2D35 /* Assets.xcassets */,
				9A3D19062A449217007B2D35 /* Preview Content */,
			);
			path = ReferenceUIs;
			sourceTree = "<group>";
		};
		9A3D19062A449217007B2D35 /* Preview Content */ = {
			isa = PBXGroup;
			children = (
				9A3D19072A449217007B2D35 /* Preview Assets.xcassets */,
			);
			path = "Preview Content";
			sourceTree = "<group>";
		};
		9A3D190F2A44923C007B2D35 /* App */ = {
			isa = PBXGroup;
			children = (
				9A3D19002A449215007B2D35 /* ReferenceUIsApp.swift */,
				9A3D19022A449215007B2D35 /* ContentView.swift */,
			);
			path = App;
			sourceTree = "<group>";
		};
		9A3D19102A44EEFE007B2D35 /* Module */ = {
			isa = PBXGroup;
			children = (
				9A3D19142A44EF59007B2D35 /* Feedback */,
			);
			path = Module;
			sourceTree = "<group>";
		};
		9A3D19112A44EF1E007B2D35 /* Common */ = {
			isa = PBXGroup;
			children = (
				9A3D19132A44EF2F007B2D35 /* Utilities */,
				9A3D19122A44EF27007B2D35 /* Extension */,
			);
			path = Common;
			sourceTree = "<group>";
		};
		9A3D19122A44EF27007B2D35 /* Extension */ = {
			isa = PBXGroup;
			children = (
			);
			path = Extension;
			sourceTree = "<group>";
		};
		9A3D19132A44EF2F007B2D35 /* Utilities */ = {
			isa = PBXGroup;
			children = (
				9A3D19192A44F102007B2D35 /* Constants.swift */,
			);
			path = Utilities;
			sourceTree = "<group>";
		};
		9A3D19142A44EF59007B2D35 /* Feedback */ = {
			isa = PBXGroup;
			children = (
				9A3D19162A44EF6F007B2D35 /* View */,
				9A3D19152A44EF67007B2D35 /* Model */,
			);
			path = Feedback;
			sourceTree = "<group>";
		};
		9A3D19152A44EF67007B2D35 /* Model */ = {
			isa = PBXGroup;
			children = (
			);
			path = Model;
			sourceTree = "<group>";
		};
		9A3D19162A44EF6F007B2D35 /* View */ = {
			isa = PBXGroup;
			children = (
				9A3D19172A44EF9D007B2D35 /* FeedbackView.swift */,
				9A3D191B2A45AFC4007B2D35 /* RatingView.swift */,
				9A3D191D2A45C081007B2D35 /* RecommendView.swift */,
				9A3D19212A46FC38007B2D35 /* FlexibleGridView.swift */,
				9A3D19232A46FCC5007B2D35 /* SizeReader.swift */,
			);
			path = View;
			sourceTree = "<group>";
		};
/* End PBXGroup section */

/* Begin PBXNativeTarget section */
		9A3D18FC2A449215007B2D35 /* ReferenceUIs */ = {
			isa = PBXNativeTarget;
			buildConfigurationList = 9A3D190B2A449217007B2D35 /* Build configuration list for PBXNativeTarget "ReferenceUIs" */;
			buildPhases = (
				9A3D18F92A449215007B2D35 /* Sources */,
				9A3D18FA2A449215007B2D35 /* Frameworks */,
				9A3D18FB2A449215007B2D35 /* Resources */,
			);
			buildRules = (
			);
			dependencies = (
			);
			name = ReferenceUIs;
			productName = ReferenceUIs;
			productReference = 9A3D18FD2A449215007B2D35 /* ReferenceUIs.app */;
			productType = "com.apple.product-type.application";
		};
/* End PBXNativeTarget section */

/* Begin PBXProject section */
		9A3D18F52A449214007B2D35 /* Project object */ = {
			isa = PBXProject;
			attributes = {
				BuildIndependentTargetsInParallel = 1;
				LastSwiftUpdateCheck = 1430;
				LastUpgradeCheck = 1430;
				TargetAttributes = {
					9A3D18FC2A449215007B2D35 = {
						CreatedOnToolsVersion = 14.3;
					};
				};
			};
			buildConfigurationList = 9A3D18F82A449214007B2D35 /* Build configuration list for PBXProject "ReferenceUIs" */;
			compatibilityVersion = "Xcode 14.0";
			developmentRegion = en;
			hasScannedForEncodings = 0;
			knownRegions = (
				en,
				Base,
			);
			mainGroup = 9A3D18F42A449214007B2D35;
			productRefGroup = 9A3D18FE2A449215007B2D35 /* Products */;
			projectDirPath = "";
			projectRoot = "";
			targets = (
				9A3D18FC2A449215007B2D35 /* ReferenceUIs */,
			);
		};
/* End PBXProject section */

/* Begin PBXResourcesBuildPhase section */
		9A3D18FB2A449215007B2D35 /* Resources */ = {
			isa = PBXResourcesBuildPhase;
			buildActionMask = 2147483647;
			files = (
				9A3D19082A449217007B2D35 /* Preview Assets.xcassets in Resources */,
				9A3D19052A449217007B2D35 /* Assets.xcassets in Resources */,
			);
			runOnlyForDeploymentPostprocessing = 0;
		};
/* End PBXResourcesBuildPhase section */

/* Begin PBXSourcesBuildPhase section */
		9A3D18F92A449215007B2D35 /* Sources */ = {
			isa = PBXSourcesBuildPhase;
			buildActionMask = 2147483647;
			files = (
				9A3D19032A449215007B2D35 /* ContentView.swift in Sources */,
				9A3D191E2A45C081007B2D35 /* RecommendView.swift in Sources */,
				9A3D19012A449215007B2D35 /* ReferenceUIsApp.swift in Sources */,
				9A3D19182A44EF9D007B2D35 /* FeedbackView.swift in Sources */,
				9A3D19222A46FC38007B2D35 /* FlexibleGridView.swift in Sources */,
				9A3D191C2A45AFC4007B2D35 /* RatingView.swift in Sources */,
				9A3D191A2A44F102007B2D35 /* Constants.swift in Sources */,
				9A3D19242A46FCC5007B2D35 /* SizeReader.swift in Sources */,
			);
			runOnlyForDeploymentPostprocessing = 0;
		};
/* End PBXSourcesBuildPhase section */

/* Begin XCBuildConfiguration section */
		9A3D19092A449217007B2D35 /* Debug */ = {
			isa = XCBuildConfiguration;
			buildSettings = {
				ALWAYS_SEARCH_USER_PATHS = NO;
				CLANG_ANALYZER_NONNULL = YES;
				CLANG_ANALYZER_NUMBER_OBJECT_CONVERSION = YES_AGGRESSIVE;
				CLANG_CXX_LANGUAGE_STANDARD = "gnu++20";
				CLANG_ENABLE_MODULES = YES;
				CLANG_ENABLE_OBJC_ARC = YES;
				CLANG_ENABLE_OBJC_WEAK = YES;
				CLANG_WARN_BLOCK_CAPTURE_AUTORELEASING = YES;
				CLANG_WARN_BOOL_CONVERSION = YES;
				CLANG_WARN_COMMA = YES;
				CLANG_WARN_CONSTANT_CONVERSION = YES;
				CLANG_WARN_DEPRECATED_OBJC_IMPLEMENTATIONS = YES;
				CLANG_WARN_DIRECT_OBJC_ISA_USAGE = YES_ERROR;
				CLANG_WARN_DOCUMENTATION_COMMENTS = YES;
				CLANG_WARN_EMPTY_BODY = YES;
				CLANG_WARN_ENUM_CONVERSION = YES;
				CLANG_WARN_INFINITE_RECURSION = YES;
				CLANG_WARN_INT_CONVERSION = YES;
				CLANG_WARN_NON_LITERAL_NULL_CONVERSION = YES;
				CLANG_WARN_OBJC_IMPLICIT_RETAIN_SELF = YES;
				CLANG_WARN_OBJC_LITERAL_CONVERSION = YES;
				CLANG_WARN_OBJC_ROOT_CLASS = YES_ERROR;
				CLANG_WARN_QUOTED_INCLUDE_IN_FRAMEWORK_HEADER = YES;
				CLANG_WARN_RANGE_LOOP_ANALYSIS = YES;
				CLANG_WARN_STRICT_PROTOTYPES = YES;
				CLANG_WARN_SUSPICIOUS_MOVE = YES;
				CLANG_WARN_UNGUARDED_AVAILABILITY = YES_AGGRESSIVE;
				CLANG_WARN_UNREACHABLE_CODE = YES;
				CLANG_WARN__DUPLICATE_METHOD_MATCH = YES;
				COPY_PHASE_STRIP = NO;
				DEBUG_INFORMATION_FORMAT = dwarf;
				ENABLE_STRICT_OBJC_MSGSEND = YES;
				ENABLE_TESTABILITY = YES;
				GCC_C_LANGUAGE_STANDARD = gnu11;
				GCC_DYNAMIC_NO_PIC = NO;
				GCC_NO_COMMON_BLOCKS = YES;
				GCC_OPTIMIZATION_LEVEL = 0;
				GCC_PREPROCESSOR_DEFINITIONS = (
					"DEBUG=1",
					"$(inherited)",
				);
				GCC_WARN_64_TO_32_BIT_CONVERSION = YES;
				GCC_WARN_ABOUT_RETURN_TYPE = YES_ERROR;
				GCC_WARN_UNDECLARED_SELECTOR = YES;
				GCC_WARN_UNINITIALIZED_AUTOS = YES_AGGRESSIVE;
				GCC_WARN_UNUSED_FUNCTION = YES;
				GCC_WARN_UNUSED_VARIABLE = YES;
				IPHONEOS_DEPLOYMENT_TARGET = 16.0;
				MTL_ENABLE_DEBUG_INFO = INCLUDE_SOURCE;
				MTL_FAST_MATH = YES;
				ONLY_ACTIVE_ARCH = YES;
				SDKROOT = iphoneos;
				SWIFT_ACTIVE_COMPILATION_CONDITIONS = DEBUG;
				SWIFT_OPTIMIZATION_LEVEL = "-Onone";
			};
			name = Debug;
		};
		9A3D190A2A449217007B2D35 /* Release */ = {
			isa = XCBuildConfiguration;
			buildSettings = {
				ALWAYS_SEARCH_USER_PATHS = NO;
				CLANG_ANALYZER_NONNULL = YES;
				CLANG_ANALYZER_NUMBER_OBJECT_CONVERSION = YES_AGGRESSIVE;
				CLANG_CXX_LANGUAGE_STANDARD = "gnu++20";
				CLANG_ENABLE_MODULES = YES;
				CLANG_ENABLE_OBJC_ARC = YES;
				CLANG_ENABLE_OBJC_WEAK = YES;
				CLANG_WARN_BLOCK_CAPTURE_AUTORELEASING = YES;
				CLANG_WARN_BOOL_CONVERSION = YES;
				CLANG_WARN_COMMA = YES;
				CLANG_WARN_CONSTANT_CONVERSION = YES;
				CLANG_WARN_DEPRECATED_OBJC_IMPLEMENTATIONS = YES;
				CLANG_WARN_DIRECT_OBJC_ISA_USAGE = YES_ERROR;
				CLANG_WARN_DOCUMENTATION_COMMENTS = YES;
				CLANG_WARN_EMPTY_BODY = YES;
				CLANG_WARN_ENUM_CONVERSION = YES;
				CLANG_WARN_INFINITE_RECURSION = YES;
				CLANG_WARN_INT_CONVERSION = YES;
				CLANG_WARN_NON_LITERAL_NULL_CONVERSION = YES;
				CLANG_WARN_OBJC_IMPLICIT_RETAIN_SELF = YES;
				CLANG_WARN_OBJC_LITERAL_CONVERSION = YES;
				CLANG_WARN_OBJC_ROOT_CLASS = YES_ERROR;
				CLANG_WARN_QUOTED_INCLUDE_IN_FRAMEWORK_HEADER = YES;
				CLANG_WARN_RANGE_LOOP_ANALYSIS = YES;
				CLANG_WARN_STRICT_PROTOTYPES = YES;
				CLANG_WARN_SUSPICIOUS_MOVE = YES;
				CLANG_WARN_UNGUARDED_AVAILABILITY = YES_AGGRESSIVE;
				CLANG_WARN_UNREACHABLE_CODE = YES;
				CLANG_WARN__DUPLICATE_METHOD_MATCH = YES;
				COPY_PHASE_STRIP = NO;
				DEBUG_INFORMATION_FORMAT = "dwarf-with-dsym";
				ENABLE_NS_ASSERTIONS = NO;
				ENABLE_STRICT_OBJC_MSGSEND = YES;
				GCC_C_LANGUAGE_STANDARD = gnu11;
				GCC_NO_COMMON_BLOCKS = YES;
				GCC_WARN_64_TO_32_BIT_CONVERSION = YES;
				GCC_WARN_ABOUT_RETURN_TYPE = YES_ERROR;
				GCC_WARN_UNDECLARED_SELECTOR = YES;
				GCC_WARN_UNINITIALIZED_AUTOS = YES_AGGRESSIVE;
				GCC_WARN_UNUSED_FUNCTION = YES;
				GCC_WARN_UNUSED_VARIABLE = YES;
				IPHONEOS_DEPLOYMENT_TARGET = 16.0;
				MTL_ENABLE_DEBUG_INFO = NO;
				MTL_FAST_MATH = YES;
				SDKROOT = iphoneos;
				SWIFT_COMPILATION_MODE = wholemodule;
				SWIFT_OPTIMIZATION_LEVEL = "-O";
				VALIDATE_PRODUCT = YES;
			};
			name = Release;
		};
		9A3D190C2A449217007B2D35 /* Debug */ = {
			isa = XCBuildConfiguration;
			buildSettings = {
				ASSETCATALOG_COMPILER_APPICON_NAME = AppIcon;
				ASSETCATALOG_COMPILER_GLOBAL_ACCENT_COLOR_NAME = AccentColor;
				CODE_SIGN_STYLE = Automatic;
				CURRENT_PROJECT_VERSION = 1;
				DEVELOPMENT_ASSET_PATHS = "\"ReferenceUIs/Preview Content\"";
				ENABLE_PREVIEWS = YES;
				GENERATE_INFOPLIST_FILE = YES;
				INFOPLIST_KEY_UIApplicationSceneManifest_Generation = YES;
				INFOPLIST_KEY_UIApplicationSupportsIndirectInputEvents = YES;
				INFOPLIST_KEY_UILaunchScreen_Generation = YES;
				INFOPLIST_KEY_UISupportedInterfaceOrientations_iPad = "UIInterfaceOrientationPortrait UIInterfaceOrientationPortraitUpsideDown UIInterfaceOrientationLandscapeLeft UIInterfaceOrientationLandscapeRight";
				INFOPLIST_KEY_UISupportedInterfaceOrientations_iPhone = "UIInterfaceOrientationPortrait UIInterfaceOrientationLandscapeLeft UIInterfaceOrientationLandscapeRight";
				IPHONEOS_DEPLOYMENT_TARGET = 16.0;
				LD_RUNPATH_SEARCH_PATHS = (
					"$(inherited)",
					"@executable_path/Frameworks",
				);
				MARKETING_VERSION = 1.0;
				PRODUCT_BUNDLE_IDENTIFIER = com.intive.ReferenceUIs;
				PRODUCT_NAME = "$(TARGET_NAME)";
				SWIFT_EMIT_LOC_STRINGS = YES;
				SWIFT_VERSION = 5.0;
				TARGETED_DEVICE_FAMILY = "1,2";
			};
			name = Debug;
		};
		9A3D190D2A449217007B2D35 /* Release */ = {
			isa = XCBuildConfiguration;
			buildSettings = {
				ASSETCATALOG_COMPILER_APPICON_NAME = AppIcon;
				ASSETCATALOG_COMPILER_GLOBAL_ACCENT_COLOR_NAME = AccentColor;
				CODE_SIGN_STYLE = Automatic;
				CURRENT_PROJECT_VERSION = 1;
				DEVELOPMENT_ASSET_PATHS = "\"ReferenceUIs/Preview Content\"";
				ENABLE_PREVIEWS = YES;
				GENERATE_INFOPLIST_FILE = YES;
				INFOPLIST_KEY_UIApplicationSceneManifest_Generation = YES;
				INFOPLIST_KEY_UIApplicationSupportsIndirectInputEvents = YES;
				INFOPLIST_KEY_UILaunchScreen_Generation = YES;
				INFOPLIST_KEY_UISupportedInterfaceOrientations_iPad = "UIInterfaceOrientationPortrait UIInterfaceOrientationPortraitUpsideDown UIInterfaceOrientationLandscapeLeft UIInterfaceOrientationLandscapeRight";
				INFOPLIST_KEY_UISupportedInterfaceOrientations_iPhone = "UIInterfaceOrientationPortrait UIInterfaceOrientationLandscapeLeft UIInterfaceOrientationLandscapeRight";
				IPHONEOS_DEPLOYMENT_TARGET = 16.0;
				LD_RUNPATH_SEARCH_PATHS = (
					"$(inherited)",
					"@executable_path/Frameworks",
				);
				MARKETING_VERSION = 1.0;
				PRODUCT_BUNDLE_IDENTIFIER = com.intive.ReferenceUIs;
				PRODUCT_NAME = "$(TARGET_NAME)";
				SWIFT_EMIT_LOC_STRINGS = YES;
				SWIFT_VERSION = 5.0;
				TARGETED_DEVICE_FAMILY = "1,2";
			};
			name = Release;
		};
/* End XCBuildConfiguration section */

/* Begin XCConfigurationList section */
		9A3D18F82A449214007B2D35 /* Build configuration list for PBXProject "ReferenceUIs" */ = {
			isa = XCConfigurationList;
			buildConfigurations = (
				9A3D19092A449217007B2D35 /* Debug */,
				9A3D190A2A449217007B2D35 /* Release */,
			);
			defaultConfigurationIsVisible = 0;
			defaultConfigurationName = Release;
		};
		9A3D190B2A449217007B2D35 /* Build configuration list for PBXNativeTarget "ReferenceUIs" */ = {
			isa = XCConfigurationList;
			buildConfigurations = (
				9A3D190C2A449217007B2D35 /* Debug */,
				9A3D190D2A449217007B2D35 /* Release */,
			);
			defaultConfigurationIsVisible = 0;
			defaultConfigurationName = Release;
		};
/* End XCConfigurationList section */
	};
	rootObject = 9A3D18F52A449214007B2D35 /* Project object */;
}
